
Microsoft Visual Studio Solution File, Format Version 12.00
# Visual Studio Version 17
VisualStudioVersion = 17.0.32014.148
MinimumVisualStudioVersion = 10.0.40219.1
Project("{FAE04EC0-301F-11D3-BF4B-00C04F79EFBC}") = "PasswordStorage.Web", "PasswordStorage.Web\PasswordStorage.Web.csproj", "{D7E23D1D-5022-4841-B3A6-9224DDD6036C}"
EndProject
Project("{FAE04EC0-301F-11D3-BF4B-00C04F79EFBC}") = "PasswordStorage.Domain.Logic", "PasswordStorage.Domain.Logic\PasswordStorage.Domain.Logic.csproj", "{C0227A4F-DEBE-46AB-BE9B-5468B7F6EC64}"
EndProject
Project("{FAE04EC0-301F-11D3-BF4B-00C04F79EFBC}") = "PasswordStorage.Domain", "PasswordStorage.Domain\PasswordStorage.Domain.csproj", "{91507911-E08B-4895-A012-39EF7F398C9D}"
EndProject
Project("{FAE04EC0-301F-11D3-BF4B-00C04F79EFBC}") = "PasswordStorage.Data", "PasswordStorage.Data\PasswordStorage.Data.csproj", "{A7919D2A-6A1D-41F0-A581-A784A4AD0E76}"
EndProject
Global
	GlobalSection(SolutionConfigurationPlatforms) = preSolution
		Debug|Any CPU = Debug|Any CPU
		Release|Any CPU = Release|Any CPU
	EndGlobalSection
	GlobalSection(ProjectConfigurationPlatforms) = postSolution
		{D7E23D1D-5022-4841-B3A6-9224DDD6036C}.Debug|Any CPU.ActiveCfg = Debug|Any CPU
		{D7E23D1D-5022-4841-B3A6-9224DDD6036C}.Debug|Any CPU.Build.0 = Debug|Any CPU
		{D7E23D1D-5022-4841-B3A6-9224DDD6036C}.Release|Any CPU.ActiveCfg = Release|Any CPU
		{D7E23D1D-5022-4841-B3A6-9224DDD6036C}.Release|Any CPU.Build.0 = Release|Any CPU
		{C0227A4F-DEBE-46AB-BE9B-5468B7F6EC64}.Debug|Any CPU.ActiveCfg = Debug|Any CPU
		{C0227A4F-DEBE-46AB-BE9B-5468B7F6EC64}.Debug|Any CPU.Build.0 = Debug|Any CPU
		{C0227A4F-DEBE-46AB-BE9B-5468B7F6EC64}.Release|Any CPU.ActiveCfg = Release|Any CPU
		{C0227A4F-DEBE-46AB-BE9B-5468B7F6EC64}.Release|Any CPU.Build.0 = Release|Any CPU
		{91507911-E08B-4895-A012-39EF7F398C9D}.Debug|Any CPU.ActiveCfg = Debug|Any CPU
		{91507911-E08B-4895-A012-39EF7F398C9D}.Debug|Any CPU.Build.0 = Debug|Any CPU
		{91507911-E08B-4895-A012-39EF7F398C9D}.Release|Any CPU.ActiveCfg = Release|Any CPU
		{91507911-E08B-4895-A012-39EF7F398C9D}.Release|Any CPU.Build.0 = Release|Any CPU
		{A7919D2A-6A1D-41F0-A581-A784A4AD0E76}.Debug|Any CPU.ActiveCfg = Debug|Any CPU
		{A7919D2A-6A1D-41F0-A581-A784A4AD0E76}.Debug|Any CPU.Build.0 = Debug|Any CPU
		{A7919D2A-6A1D-41F0-A581-A784A4AD0E76}.Release|Any CPU.ActiveCfg = Release|Any CPU
		{A7919D2A-6A1D-41F0-A581-A784A4AD0E76}.Release|Any CPU.Build.0 = Release|Any CPU
	EndGlobalSection
	GlobalSection(SolutionProperties) = preSolution
		HideSolutionNode = FALSE
	EndGlobalSection
	GlobalSection(ExtensibilityGlobals) = postSolution
		SolutionGuid = {7CAAE7E9-5B05-4F6D-B4F2-F32050870220}
	EndGlobalSection
EndGlobal
